<Solution>
  <Folder Name="/1-Core/">
    <Project Path="src\ChannelMediator.Contracts/ChannelMediator.Contracts.csproj" />
    <Project Path="src\ChannelMediator/ChannelMediator.csproj" />
  </Folder>
  <Folder Name="/2-PubSub/">
    <Project Path="src/ChannelMediator.AzureBus/ChannelMediator.AzureBus.csproj" />
    <Project Path="src/ChannelMediator.RabbitMQ/ChannelMediator.RabbitMQ.csproj" />
  </Folder>
  <Folder Name="/3-Api/">
    <Project Path="src/ChannelMediator.ApiClientGenerator/ChannelMediator.ApiClientGenerator.csproj" Id="070ffeae-1518-4c3e-b11b-5ecd853ac7b8" />
    <Project Path="src/ChannelMediator.MinimalApiGenerator.Abstraction/ChannelMediator.MinimalApiGenerator.Abstraction.csproj" />
    <Project Path="src/ChannelMediator.MinimalApiGenerator/ChannelMediator.MinimalApiGenerator.csproj" />
  </Folder>
  <Folder Name="/4-Samples/">
    <Project Path="src/Samples/BlazorAppSample/BlazorAppSample.csproj" />
    <Project Path="src/Samples/ChannelMediatorConsole/ChannelMediatorSampleConsole.csproj" />
    <Project Path="src/Samples/ChannelMediatorSampleShared/ChannelMediatorSampleShared.csproj" />
  </Folder>
  <Folder Name="/4-Samples/Api/">
    <Project Path="src/ChannelMediatorApiContractsSample/ChannelMediatorApiContractsSample.csproj" Id="2abe28c0-ae7d-467e-9cce-4adb59da5cbf" />
    <Project Path="src/Samples/ChannelMediatorApiClientSample/ChannelMediatorApiClientSample.csproj" Id="440729f2-cdd2-4789-807d-abc47a0ba63e" />
    <Project Path="src/Samples/ChannelMediatorMinimalApiSample/ChannelMediatorMinimalApiSample.csproj" />
  </Folder>
  <Folder Name="/4-Samples/EventDriven/">
    <Project Path="src/Samples/AzureBusReaderSampleConsole/AzureBusReaderSampleConsole.csproj" />
    <Project Path="src/Samples/AzureBusWriterSampleConsole/AzureBusWriterSampleConsole.csproj" />
    <Project Path="src/Samples/RabbitMqSampleReaderConsole/RabbitMqSampleReaderConsole.csproj" />
    <Project Path="src/Samples/RabbitMqSampleWriterConsole/RabbitMqSampleWriterConsole.csproj" />
  </Folder>
  <Folder Name="/Solution Items/">
    <File Path=".azure-pipelines/workflows/azure-pipeline.yml" />
    <File Path=".azure-pipelines/workflows/channelmediator-publish.yml" />
    <File Path=".github/workflows/ci-publish.yml" />
    <File Path="AZURE_SERVICE_BUS.md" />
    <File Path="CODE_EXAMPLES.md" />
    <File Path="README.md" />
    <File Path="SEQUENCE_DIAGRAM.md" />
  </Folder>
  <Project Path="src\ChannelMediator.Performance/ChannelMediator.Performance.csproj">
    <BuildType Project="Release" />
  </Project>
  <Project Path="src\ChannelMediator.Tests/ChannelMediator.Tests.csproj" />
</Solution>

