<Solution>
  <Folder Name="/1-Core/">
    <Project Path="src\ChannelMediator.Contracts/ChannelMediator.Contracts.csproj" />
    <Project Path="src\ChannelMediator/ChannelMediator.csproj" />
  </Folder>
  <Folder Name="/2-PubSub/">
    <Project Path="src/ChannelMediator.AzureBus/ChannelMediator.AzureBus.csproj" />
    <Project Path="src/ChannelMediator.RabbitMQ/ChannelMediator.RabbitMQ.csproj" />
  </Folder>
  <Folder Name="/3-Samples/">
    <Project Path="src/Samples/AzureBusReaderSampleConsole/AzureBusReaderSampleConsole.csproj" />
    <Project Path="src/Samples/AzureBusWriterSampleConsole/AzureBusWriterSampleConsole.csproj" />
    <Project Path="src/Samples/BlazorAppSample/BlazorAppSample.csproj" />
    <Project Path="src/Samples/ChannelMediatorConsole/ChannelMediatorSampleConsole.csproj" />
    <Project Path="src/Samples/ChannelMediatorSampleShared/ChannelMediatorSampleShared.csproj" />
    <Project Path="src/Samples/RabbitMqSampleReaderConsole/RabbitMqSampleReaderConsole.csproj" />
    <Project Path="src/Samples/RabbitMqSampleWriterConsole/RabbitMqSampleWriterConsole.csproj" />
  </Folder>
  <Folder Name="/Solution Items/">
    <File Path=".azure-pipelines/workflows/azure-pipeline.yml" />
    <File Path=".azure-pipelines/workflows/channelmediator-publish.yml" />
    <File Path=".github/workflows/ci-publish.yml" />
    <File Path="AZURE_SERVICE_BUS.md" />
    <File Path="CODE_EXAMPLES.md" />
    <File Path="README.md" />
    <File Path="SEQUENCE_DIAGRAM.md" />
  </Folder>
  <Project Path="src\ChannelMediator.Performance/ChannelMediator.Performance.csproj">
    <BuildType Project="Release" />
  </Project>
  <Project Path="src\ChannelMediator.Tests/ChannelMediator.Tests.csproj" />
</Solution>

